
Microsoft Visual Studio Solution File, Format Version 12.00
# Visual Studio 15
VisualStudioVersion = 15.0.28307.421
MinimumVisualStudioVersion = 10.0.40219.1
Project("{159641D6-6404-4A2A-AE62-294DE0FE8301}") = "Lab1", "Lab1\Lab1.dtproj", "{2A0437C6-5184-4C20-BC22-AA13F5BF50AF}"
EndProject
Global
	GlobalSection(SolutionConfigurationPlatforms) = preSolution
		Development|Default = Development|Default
	EndGlobalSection
	GlobalSection(ProjectConfigurationPlatforms) = postSolution
		{2A0437C6-5184-4C20-BC22-AA13F5BF50AF}.Development|Default.ActiveCfg = Development
		{2A0437C6-5184-4C20-BC22-AA13F5BF50AF}.Development|Default.Build.0 = Development
	EndGlobalSection
	GlobalSection(SolutionProperties) = preSolution
		HideSolutionNode = FALSE
	EndGlobalSection
	GlobalSection(ExtensibilityGlobals) = postSolution
		SolutionGuid = {CFEA0BE5-B3FC-4C45-BCA3-E27B9F91D961}
	EndGlobalSection
EndGlobal
