
Microsoft Visual Studio Solution File, Format Version 12.00
# Visual Studio 15
VisualStudioVersion = 15.0.28307.645
MinimumVisualStudioVersion = 10.0.40219.1
Project("{159641D6-6404-4A2A-AE62-294DE0FE8301}") = "Flights_ISP", "Flights_ISP\Flights_ISP.dtproj", "{AF2B7F6A-21D5-443D-A7BC-955227791053}"
EndProject
Project("{00D1A9C2-B5F0-4AF3-8072-F6C62B433612}") = "Flights_DB", "Flights_DB\Flights_DB.sqlproj", "{274D3CCF-8E30-4C75-B59F-2606AD49FE4B}"
EndProject
Global
	GlobalSection(SolutionConfigurationPlatforms) = preSolution
		Debug|Any CPU = Debug|Any CPU
		Development|Any CPU = Development|Any CPU
		Release|Any CPU = Release|Any CPU
	EndGlobalSection
	GlobalSection(ProjectConfigurationPlatforms) = postSolution
		{AF2B7F6A-21D5-443D-A7BC-955227791053}.Debug|Any CPU.ActiveCfg = Development
		{AF2B7F6A-21D5-443D-A7BC-955227791053}.Debug|Any CPU.Build.0 = Development
		{AF2B7F6A-21D5-443D-A7BC-955227791053}.Development|Any CPU.ActiveCfg = Development
		{AF2B7F6A-21D5-443D-A7BC-955227791053}.Development|Any CPU.Build.0 = Development
		{AF2B7F6A-21D5-443D-A7BC-955227791053}.Release|Any CPU.ActiveCfg = Development
		{AF2B7F6A-21D5-443D-A7BC-955227791053}.Release|Any CPU.Build.0 = Development
		{274D3CCF-8E30-4C75-B59F-2606AD49FE4B}.Debug|Any CPU.ActiveCfg = Debug|Any CPU
		{274D3CCF-8E30-4C75-B59F-2606AD49FE4B}.Debug|Any CPU.Build.0 = Debug|Any CPU
		{274D3CCF-8E30-4C75-B59F-2606AD49FE4B}.Debug|Any CPU.Deploy.0 = Debug|Any CPU
		{274D3CCF-8E30-4C75-B59F-2606AD49FE4B}.Development|Any CPU.ActiveCfg = Debug|Any CPU
		{274D3CCF-8E30-4C75-B59F-2606AD49FE4B}.Development|Any CPU.Build.0 = Debug|Any CPU
		{274D3CCF-8E30-4C75-B59F-2606AD49FE4B}.Development|Any CPU.Deploy.0 = Debug|Any CPU
		{274D3CCF-8E30-4C75-B59F-2606AD49FE4B}.Release|Any CPU.ActiveCfg = Release|Any CPU
		{274D3CCF-8E30-4C75-B59F-2606AD49FE4B}.Release|Any CPU.Build.0 = Release|Any CPU
		{274D3CCF-8E30-4C75-B59F-2606AD49FE4B}.Release|Any CPU.Deploy.0 = Release|Any CPU
	EndGlobalSection
	GlobalSection(SolutionProperties) = preSolution
		HideSolutionNode = FALSE
	EndGlobalSection
	GlobalSection(ExtensibilityGlobals) = postSolution
		SolutionGuid = {9114102F-810E-48B4-808C-780F9D4B3EA8}
	EndGlobalSection
EndGlobal
